Microsoft Visual Studio Solution File, Format Version 12.00
# Visual Studio Version 18
VisualStudioVersion = 18.0.11205.157
MinimumVisualStudioVersion = 10.0.40219.1
Project("{FAE04EC0-301F-11D3-BF4B-00C04F79EFBC}") = "ContextCompiler.Abstractions", "src\ContextCompiler.Abstractions\ContextCompiler.Abstractions.csproj", "{11111111-1111-1111-1111-111111111111}"
EndProject
Project("{FAE04EC0-301F-11D3-BF4B-00C04F79EFBC}") = "ContextCompiler.Core", "src\ContextCompiler.Core\ContextCompiler.Core.csproj", "{22222222-2222-2222-2222-222222222222}"
EndProject
Project("{FAE04EC0-301F-11D3-BF4B-00C04F79EFBC}") = "ContextCompiler.Infrastructure", "src\ContextCompiler.Infrastructure\ContextCompiler.Infrastructure.csproj", "{33333333-3333-3333-3333-333333333333}"
EndProject
Project("{FAE04EC0-301F-11D3-BF4B-00C04F79EFBC}") = "ContextCompiler.Plugins.BuiltIn", "src\ContextCompiler.Plugins.BuiltIn\ContextCompiler.Plugins.BuiltIn.csproj", "{44444444-4444-4444-4444-444444444444}"
EndProject
Project("{FAE04EC0-301F-11D3-BF4B-00C04F79EFBC}") = "ContextCompiler.Host.Cli", "src\ContextCompiler.Host.Cli\ContextCompiler.Host.Cli.csproj", "{55555555-5555-5555-5555-555555555555}"
EndProject
Project("{FAE04EC0-301F-11D3-BF4B-00C04F79EFBC}") = "ContextCompiler.Host.Mcp", "src\ContextCompiler.Host.Mcp\ContextCompiler.Host.Mcp.csproj", "{66666666-6666-6666-6666-666666666666}"
EndProject
Project("{FAE04EC0-301F-11D3-BF4B-00C04F79EFBC}") = "ContextCompiler.DevKit", "src\ContextCompiler.DevKit\ContextCompiler.DevKit.csproj", "{77777777-7777-7777-7777-777777777777}"
EndProject
Project("{FAE04EC0-301F-11D3-BF4B-00C04F79EFBC}") = "ContextCompiler.Sdk", "src\ContextCompiler.Sdk\ContextCompiler.Sdk.csproj", "{88888888-8888-8888-8888-888888888888}"
EndProject
Project("{FAE04EC0-301F-11D3-BF4B-00C04F79EFBC}") = "ContextCompiler.Core.Tests", "tests\ContextCompiler.Core.Tests\ContextCompiler.Core.Tests.csproj", "{99999999-9999-9999-9999-999999999999}"
EndProject
Project("{FAE04EC0-301F-11D3-BF4B-00C04F79EFBC}") = "ContextCompiler.Plugins.BuiltIn.Tests", "tests\ContextCompiler.Plugins.BuiltIn.Tests\ContextCompiler.Plugins.BuiltIn.Tests.csproj", "{AAAAAAAA-AAAA-AAAA-AAAA-AAAAAAAAAAAA}"
EndProject
Project("{2150E333-8FDC-42A3-9474-1A3956D46DE8}") = "Solution Items", "Solution Items", "{A5065593-A2C0-4970-A3C6-0EC3C6464EA9}"
	ProjectSection(SolutionItems) = preProject
		.editorconfig = .editorconfig
		.gitignore = .gitignore
		AGENTS.md = AGENTS.md
		analyzers.ruleset.json = analyzers.ruleset.json
		Directory.Build.props = Directory.Build.props
		Directory.Build.targets = Directory.Build.targets
		Directory.Packages.props = Directory.Packages.props
		README.md = README.md
	EndProjectSection
EndProject
Project("{2150E333-8FDC-42A3-9474-1A3956D46DE8}") = "docs", "docs", "{99A3087A-DCE3-4F65-BA47-5E52B5DFED6A}"
	ProjectSection(SolutionItems) = preProject
		docs\AGENT-CODEGEN.md = docs\AGENT-CODEGEN.md
		docs\AGENT-RULES.md = docs\AGENT-RULES.md
		docs\ARCHITECTURE.md = docs\ARCHITECTURE.md
		docs\CLI.md = docs\CLI.md
		docs\CONTEXT.md = docs\CONTEXT.md
		..\..\..\..\..\Downloads\ctxc-enterprise-plugin-loader-full\docs\ENTERPRISE_PLUGIN_LOADING.md = ..\..\..\..\..\Downloads\ctxc-enterprise-plugin-loader-full\docs\ENTERPRISE_PLUGIN_LOADING.md
		docs\EVIDENCE-SYSTEM.md = docs\EVIDENCE-SYSTEM.md
		docs\GLOSSARY.md = docs\GLOSSARY.md
		docs\GUARDS.md = docs\GUARDS.md
		docs\MCP-INTEGRATION.md = docs\MCP-INTEGRATION.md
		docs\OUTPUTS.md = docs\OUTPUTS.md
		docs\PIPELINES.md = docs\PIPELINES.md
		docs\PLUGINS.md = docs\PLUGINS.md
		docs\REASONING-IR.md = docs\REASONING-IR.md
		docs\ROADMAP.md = docs\ROADMAP.md
		docs\VIEWS-TEMPLATES.md = docs\VIEWS-TEMPLATES.md
	EndProjectSection
EndProject
Project("{FAE04EC0-301F-11D3-BF4B-00C04F79EFBC}") = "Agent", "agent\Agent\Agent.csproj", "{09D92C29-0D37-42D4-A2F3-F0CCCFA55FC3}"
EndProject
Project("{2150E333-8FDC-42A3-9474-1A3956D46DE8}") = "AI", "AI", "{DEEF50A3-E5A2-4A19-94CB-23640FCBB2D8}"
EndProject
Project("{FAE04EC0-301F-11D3-BF4B-00C04F79EFBC}") = "ContextCompiler.Plugins.BuiltIn.Templates.Scriban", "src\ContextCompiler.Plugins.BuiltIn.Templates.Scriban\ContextCompiler.Plugins.BuiltIn.Templates.Scriban.csproj", "{9C8CCC78-EC7C-47E1-92D6-B78A5C0E6492}"
EndProject
Project("{FAE04EC0-301F-11D3-BF4B-00C04F79EFBC}") = "ContextCompiler.Plugins.BuiltIn.Agents.Copilot", "src\ContextCompiler.Plugins.BuiltIn.Agents.Copilot\ContextCompiler.Plugins.BuiltIn.Agents.Copilot.csproj", "{632DF03C-F6CA-4D5D-9336-D4FD863A6B6E}"
EndProject
Project("{FAE04EC0-301F-11D3-BF4B-00C04F79EFBC}") = "ContextCompiler.Plugins.Readers.Pdf", "src\ContextCompiler.Plugins.Readers.PDF\ContextCompiler.Plugins.Readers.Pdf.csproj", "{540FD63D-DD05-CDF9-1B84-87176A51E721}"
EndProject
Project("{2150E333-8FDC-42A3-9474-1A3956D46DE8}") = "schemas", "schemas", "{996D7E4B-0047-43A2-BE58-DC0C7E6622D1}"
EndProject
Project("{2150E333-8FDC-42A3-9474-1A3956D46DE8}") = "v0.0.1", "v0.0.1", "{F73141AC-1392-4956-954A-CC23BECAE804}"
	ProjectSection(SolutionItems) = preProject
		schemas\core\v0.0.1\ctxc.config.schema.json = schemas\core\v0.0.1\ctxc.config.schema.json
	EndProjectSection
EndProject
Project("{FAE04EC0-301F-11D3-BF4B-00C04F79EFBC}") = "ContextCompiler.Plugins.Readers.Excel", "src\ContextCompiler.Plugins.Readers.Excel\ContextCompiler.Plugins.Readers.Excel.csproj", "{4870759E-7CD4-97DE-2491-39C9F8F22470}"
EndProject
Project("{2150E333-8FDC-42A3-9474-1A3956D46DE8}") = "core", "core", "{85DADA78-42BE-4A8F-A644-261B19F53DF7}"
EndProject
Project("{2150E333-8FDC-42A3-9474-1A3956D46DE8}") = "plugin.readers.excel", "plugin.readers.excel", "{EAFD2B32-ED81-4DD8-B711-32B05A6557E9}"
EndProject
Project("{2150E333-8FDC-42A3-9474-1A3956D46DE8}") = "v0.0.1", "v0.0.1", "{AC5D71FE-DA1C-490F-AC13-CE82B25FC1B7}"
	ProjectSection(SolutionItems) = preProject
		schemas\plugin.readers.excel\v0.0.1\ctxc.config.schema.json = schemas\plugin.readers.excel\v0.0.1\ctxc.config.schema.json
	EndProjectSection
EndProject
Project("{FAE04EC0-301F-11D3-BF4B-00C04F79EFBC}") = "ContextCompiler.Plugins.Abstractions", "src\ContextCompiler.Plugins.Abstractions\ContextCompiler.Plugins.Abstractions.csproj", "{05017D74-1F57-B9FE-CC5A-B8217FFE598F}"
EndProject
Project("{FAE04EC0-301F-11D3-BF4B-00C04F79EFBC}") = "ContextCompiler.Plugins.Loader", "src\ContextCompiler.Plugins.Loader\ContextCompiler.Plugins.Loader.csproj", "{B1B3C114-FC1F-04F4-4BB3-CB6EABD14D54}"
EndProject
Project("{FAE04EC0-301F-11D3-BF4B-00C04F79EFBC}") = "ContextCompiler.Plugins.NuGet", "src\ContextCompiler.Plugins.NuGet\ContextCompiler.Plugins.NuGet.csproj", "{93789DDF-677A-3647-BADF-9467A1D478D6}"
EndProject
Project("{FAE04EC0-301F-11D3-BF4B-00C04F79EFBC}") = "ContextCompiler.Plugins.Cli", "src\ContextCompiler.Plugins.Cli\ContextCompiler.Plugins.Cli.csproj", "{9445B1DA-6A0B-901F-B851-43FD3E922E6C}"
EndProject
Project("{FAE04EC0-301F-11D3-BF4B-00C04F79EFBC}") = "ContextCompiler.Configuration.Json", "src\ContextCompiler.Configuration.Json\ContextCompiler.Configuration.Json.csproj", "{628D7286-18BF-4625-9760-BF5827AC24A5}"
EndProject
Global
	GlobalSection(SolutionConfigurationPlatforms) = preSolution
		Debug|Any CPU = Debug|Any CPU
		DebugLocal|Any CPU = DebugLocal|Any CPU
		Release|Any CPU = Release|Any CPU
	EndGlobalSection
	GlobalSection(ProjectConfigurationPlatforms) = postSolution
		{11111111-1111-1111-1111-111111111111}.Debug|Any CPU.ActiveCfg = Debug|Any CPU
		{11111111-1111-1111-1111-111111111111}.Debug|Any CPU.Build.0 = Debug|Any CPU
		{11111111-1111-1111-1111-111111111111}.DebugLocal|Any CPU.ActiveCfg = DebugLocal|Any CPU
		{11111111-1111-1111-1111-111111111111}.DebugLocal|Any CPU.Build.0 = DebugLocal|Any CPU
		{11111111-1111-1111-1111-111111111111}.Release|Any CPU.ActiveCfg = Release|Any CPU
		{11111111-1111-1111-1111-111111111111}.Release|Any CPU.Build.0 = Release|Any CPU
		{22222222-2222-2222-2222-222222222222}.Debug|Any CPU.ActiveCfg = Debug|Any CPU
		{22222222-2222-2222-2222-222222222222}.Debug|Any CPU.Build.0 = Debug|Any CPU
		{22222222-2222-2222-2222-222222222222}.DebugLocal|Any CPU.ActiveCfg = DebugLocal|Any CPU
		{22222222-2222-2222-2222-222222222222}.DebugLocal|Any CPU.Build.0 = DebugLocal|Any CPU
		{22222222-2222-2222-2222-222222222222}.Release|Any CPU.ActiveCfg = Release|Any CPU
		{22222222-2222-2222-2222-222222222222}.Release|Any CPU.Build.0 = Release|Any CPU
		{33333333-3333-3333-3333-333333333333}.Debug|Any CPU.ActiveCfg = Debug|Any CPU
		{33333333-3333-3333-3333-333333333333}.Debug|Any CPU.Build.0 = Debug|Any CPU
		{33333333-3333-3333-3333-333333333333}.DebugLocal|Any CPU.ActiveCfg = DebugLocal|Any CPU
		{33333333-3333-3333-3333-333333333333}.DebugLocal|Any CPU.Build.0 = DebugLocal|Any CPU
		{33333333-3333-3333-3333-333333333333}.Release|Any CPU.ActiveCfg = Release|Any CPU
		{33333333-3333-3333-3333-333333333333}.Release|Any CPU.Build.0 = Release|Any CPU
		{44444444-4444-4444-4444-444444444444}.Debug|Any CPU.ActiveCfg = Debug|Any CPU
		{44444444-4444-4444-4444-444444444444}.Debug|Any CPU.Build.0 = Debug|Any CPU
		{44444444-4444-4444-4444-444444444444}.DebugLocal|Any CPU.ActiveCfg = DebugLocal|Any CPU
		{44444444-4444-4444-4444-444444444444}.DebugLocal|Any CPU.Build.0 = DebugLocal|Any CPU
		{44444444-4444-4444-4444-444444444444}.Release|Any CPU.ActiveCfg = Release|Any CPU
		{44444444-4444-4444-4444-444444444444}.Release|Any CPU.Build.0 = Release|Any CPU
		{55555555-5555-5555-5555-555555555555}.Debug|Any CPU.ActiveCfg = Debug|Any CPU
		{55555555-5555-5555-5555-555555555555}.Debug|Any CPU.Build.0 = Debug|Any CPU
		{55555555-5555-5555-5555-555555555555}.DebugLocal|Any CPU.ActiveCfg = DebugLocal|Any CPU
		{55555555-5555-5555-5555-555555555555}.DebugLocal|Any CPU.Build.0 = DebugLocal|Any CPU
		{55555555-5555-5555-5555-555555555555}.Release|Any CPU.ActiveCfg = Release|Any CPU
		{55555555-5555-5555-5555-555555555555}.Release|Any CPU.Build.0 = Release|Any CPU
		{66666666-6666-6666-6666-666666666666}.Debug|Any CPU.ActiveCfg = Debug|Any CPU
		{66666666-6666-6666-6666-666666666666}.Debug|Any CPU.Build.0 = Debug|Any CPU
		{66666666-6666-6666-6666-666666666666}.DebugLocal|Any CPU.ActiveCfg = Debug|Any CPU
		{66666666-6666-6666-6666-666666666666}.Release|Any CPU.ActiveCfg = Release|Any CPU
		{66666666-6666-6666-6666-666666666666}.Release|Any CPU.Build.0 = Release|Any CPU
		{77777777-7777-7777-7777-777777777777}.Debug|Any CPU.ActiveCfg = Debug|Any CPU
		{77777777-7777-7777-7777-777777777777}.Debug|Any CPU.Build.0 = Debug|Any CPU
		{77777777-7777-7777-7777-777777777777}.DebugLocal|Any CPU.ActiveCfg = DebugLocal|Any CPU
		{77777777-7777-7777-7777-777777777777}.DebugLocal|Any CPU.Build.0 = DebugLocal|Any CPU
		{77777777-7777-7777-7777-777777777777}.Release|Any CPU.ActiveCfg = Release|Any CPU
		{77777777-7777-7777-7777-777777777777}.Release|Any CPU.Build.0 = Release|Any CPU
		{88888888-8888-8888-8888-888888888888}.Debug|Any CPU.ActiveCfg = Debug|Any CPU
		{88888888-8888-8888-8888-888888888888}.Debug|Any CPU.Build.0 = Debug|Any CPU
		{88888888-8888-8888-8888-888888888888}.DebugLocal|Any CPU.ActiveCfg = DebugLocal|Any CPU
		{88888888-8888-8888-8888-888888888888}.DebugLocal|Any CPU.Build.0 = DebugLocal|Any CPU
		{88888888-8888-8888-8888-888888888888}.Release|Any CPU.ActiveCfg = Release|Any CPU
		{88888888-8888-8888-8888-888888888888}.Release|Any CPU.Build.0 = Release|Any CPU
		{99999999-9999-9999-9999-999999999999}.Debug|Any CPU.ActiveCfg = Debug|Any CPU
		{99999999-9999-9999-9999-999999999999}.Debug|Any CPU.Build.0 = Debug|Any CPU
		{99999999-9999-9999-9999-999999999999}.DebugLocal|Any CPU.ActiveCfg = Debug|Any CPU
		{99999999-9999-9999-9999-999999999999}.Release|Any CPU.ActiveCfg = Release|Any CPU
		{99999999-9999-9999-9999-999999999999}.Release|Any CPU.Build.0 = Release|Any CPU
		{AAAAAAAA-AAAA-AAAA-AAAA-AAAAAAAAAAAA}.Debug|Any CPU.ActiveCfg = Debug|Any CPU
		{AAAAAAAA-AAAA-AAAA-AAAA-AAAAAAAAAAAA}.Debug|Any CPU.Build.0 = Debug|Any CPU
		{AAAAAAAA-AAAA-AAAA-AAAA-AAAAAAAAAAAA}.DebugLocal|Any CPU.ActiveCfg = DebugLocal|Any CPU
		{AAAAAAAA-AAAA-AAAA-AAAA-AAAAAAAAAAAA}.DebugLocal|Any CPU.Build.0 = DebugLocal|Any CPU
		{AAAAAAAA-AAAA-AAAA-AAAA-AAAAAAAAAAAA}.Release|Any CPU.ActiveCfg = Release|Any CPU
		{AAAAAAAA-AAAA-AAAA-AAAA-AAAAAAAAAAAA}.Release|Any CPU.Build.0 = Release|Any CPU
		{09D92C29-0D37-42D4-A2F3-F0CCCFA55FC3}.Debug|Any CPU.ActiveCfg = Debug|Any CPU
		{09D92C29-0D37-42D4-A2F3-F0CCCFA55FC3}.Debug|Any CPU.Build.0 = Debug|Any CPU
		{09D92C29-0D37-42D4-A2F3-F0CCCFA55FC3}.DebugLocal|Any CPU.ActiveCfg = DebugLocal|Any CPU
		{09D92C29-0D37-42D4-A2F3-F0CCCFA55FC3}.DebugLocal|Any CPU.Build.0 = DebugLocal|Any CPU
		{09D92C29-0D37-42D4-A2F3-F0CCCFA55FC3}.Release|Any CPU.ActiveCfg = Release|Any CPU
		{09D92C29-0D37-42D4-A2F3-F0CCCFA55FC3}.Release|Any CPU.Build.0 = Release|Any CPU
		{9C8CCC78-EC7C-47E1-92D6-B78A5C0E6492}.Debug|Any CPU.ActiveCfg = Debug|Any CPU
		{9C8CCC78-EC7C-47E1-92D6-B78A5C0E6492}.Debug|Any CPU.Build.0 = Debug|Any CPU
		{9C8CCC78-EC7C-47E1-92D6-B78A5C0E6492}.DebugLocal|Any CPU.ActiveCfg = DebugLocal|Any CPU
		{9C8CCC78-EC7C-47E1-92D6-B78A5C0E6492}.DebugLocal|Any CPU.Build.0 = DebugLocal|Any CPU
		{9C8CCC78-EC7C-47E1-92D6-B78A5C0E6492}.Release|Any CPU.ActiveCfg = Release|Any CPU
		{9C8CCC78-EC7C-47E1-92D6-B78A5C0E6492}.Release|Any CPU.Build.0 = Release|Any CPU
		{632DF03C-F6CA-4D5D-9336-D4FD863A6B6E}.Debug|Any CPU.ActiveCfg = Debug|Any CPU
		{632DF03C-F6CA-4D5D-9336-D4FD863A6B6E}.Debug|Any CPU.Build.0 = Debug|Any CPU
		{632DF03C-F6CA-4D5D-9336-D4FD863A6B6E}.DebugLocal|Any CPU.ActiveCfg = DebugLocal|Any CPU
		{632DF03C-F6CA-4D5D-9336-D4FD863A6B6E}.DebugLocal|Any CPU.Build.0 = DebugLocal|Any CPU
		{632DF03C-F6CA-4D5D-9336-D4FD863A6B6E}.Release|Any CPU.ActiveCfg = Release|Any CPU
		{632DF03C-F6CA-4D5D-9336-D4FD863A6B6E}.Release|Any CPU.Build.0 = Release|Any CPU
		{540FD63D-DD05-CDF9-1B84-87176A51E721}.Debug|Any CPU.ActiveCfg = Debug|Any CPU
		{540FD63D-DD05-CDF9-1B84-87176A51E721}.Debug|Any CPU.Build.0 = Debug|Any CPU
		{540FD63D-DD05-CDF9-1B84-87176A51E721}.DebugLocal|Any CPU.ActiveCfg = DebugLocal|Any CPU
		{540FD63D-DD05-CDF9-1B84-87176A51E721}.DebugLocal|Any CPU.Build.0 = DebugLocal|Any CPU
		{540FD63D-DD05-CDF9-1B84-87176A51E721}.Release|Any CPU.ActiveCfg = Release|Any CPU
		{540FD63D-DD05-CDF9-1B84-87176A51E721}.Release|Any CPU.Build.0 = Release|Any CPU
		{4870759E-7CD4-97DE-2491-39C9F8F22470}.Debug|Any CPU.ActiveCfg = Debug|Any CPU
		{4870759E-7CD4-97DE-2491-39C9F8F22470}.Debug|Any CPU.Build.0 = Debug|Any CPU
		{4870759E-7CD4-97DE-2491-39C9F8F22470}.DebugLocal|Any CPU.ActiveCfg = DebugLocal|Any CPU
		{4870759E-7CD4-97DE-2491-39C9F8F22470}.DebugLocal|Any CPU.Build.0 = DebugLocal|Any CPU
		{4870759E-7CD4-97DE-2491-39C9F8F22470}.Release|Any CPU.ActiveCfg = Release|Any CPU
		{4870759E-7CD4-97DE-2491-39C9F8F22470}.Release|Any CPU.Build.0 = Release|Any CPU
		{05017D74-1F57-B9FE-CC5A-B8217FFE598F}.Debug|Any CPU.ActiveCfg = Debug|Any CPU
		{05017D74-1F57-B9FE-CC5A-B8217FFE598F}.Debug|Any CPU.Build.0 = Debug|Any CPU
		{05017D74-1F57-B9FE-CC5A-B8217FFE598F}.DebugLocal|Any CPU.ActiveCfg = DebugLocal|Any CPU
		{05017D74-1F57-B9FE-CC5A-B8217FFE598F}.DebugLocal|Any CPU.Build.0 = DebugLocal|Any CPU
		{05017D74-1F57-B9FE-CC5A-B8217FFE598F}.Release|Any CPU.ActiveCfg = Release|Any CPU
		{05017D74-1F57-B9FE-CC5A-B8217FFE598F}.Release|Any CPU.Build.0 = Release|Any CPU
		{B1B3C114-FC1F-04F4-4BB3-CB6EABD14D54}.Debug|Any CPU.ActiveCfg = Debug|Any CPU
		{B1B3C114-FC1F-04F4-4BB3-CB6EABD14D54}.Debug|Any CPU.Build.0 = Debug|Any CPU
		{B1B3C114-FC1F-04F4-4BB3-CB6EABD14D54}.DebugLocal|Any CPU.ActiveCfg = DebugLocal|Any CPU
		{B1B3C114-FC1F-04F4-4BB3-CB6EABD14D54}.DebugLocal|Any CPU.Build.0 = DebugLocal|Any CPU
		{B1B3C114-FC1F-04F4-4BB3-CB6EABD14D54}.Release|Any CPU.ActiveCfg = Release|Any CPU
		{B1B3C114-FC1F-04F4-4BB3-CB6EABD14D54}.Release|Any CPU.Build.0 = Release|Any CPU
		{93789DDF-677A-3647-BADF-9467A1D478D6}.Debug|Any CPU.ActiveCfg = Debug|Any CPU
		{93789DDF-677A-3647-BADF-9467A1D478D6}.Debug|Any CPU.Build.0 = Debug|Any CPU
		{93789DDF-677A-3647-BADF-9467A1D478D6}.DebugLocal|Any CPU.ActiveCfg = DebugLocal|Any CPU
		{93789DDF-677A-3647-BADF-9467A1D478D6}.DebugLocal|Any CPU.Build.0 = DebugLocal|Any CPU
		{93789DDF-677A-3647-BADF-9467A1D478D6}.Release|Any CPU.ActiveCfg = Release|Any CPU
		{93789DDF-677A-3647-BADF-9467A1D478D6}.Release|Any CPU.Build.0 = Release|Any CPU
		{9445B1DA-6A0B-901F-B851-43FD3E922E6C}.Debug|Any CPU.ActiveCfg = Debug|Any CPU
		{9445B1DA-6A0B-901F-B851-43FD3E922E6C}.Debug|Any CPU.Build.0 = Debug|Any CPU
		{9445B1DA-6A0B-901F-B851-43FD3E922E6C}.DebugLocal|Any CPU.ActiveCfg = DebugLocal|Any CPU
		{9445B1DA-6A0B-901F-B851-43FD3E922E6C}.DebugLocal|Any CPU.Build.0 = DebugLocal|Any CPU
		{9445B1DA-6A0B-901F-B851-43FD3E922E6C}.Release|Any CPU.ActiveCfg = Release|Any CPU
		{9445B1DA-6A0B-901F-B851-43FD3E922E6C}.Release|Any CPU.Build.0 = Release|Any CPU
		{628D7286-18BF-4625-9760-BF5827AC24A5}.Debug|Any CPU.ActiveCfg = Debug|Any CPU
		{628D7286-18BF-4625-9760-BF5827AC24A5}.Debug|Any CPU.Build.0 = Debug|Any CPU
		{628D7286-18BF-4625-9760-BF5827AC24A5}.DebugLocal|Any CPU.ActiveCfg = Debug|Any CPU
		{628D7286-18BF-4625-9760-BF5827AC24A5}.DebugLocal|Any CPU.Build.0 = Debug|Any CPU
		{628D7286-18BF-4625-9760-BF5827AC24A5}.Release|Any CPU.ActiveCfg = Release|Any CPU
		{628D7286-18BF-4625-9760-BF5827AC24A5}.Release|Any CPU.Build.0 = Release|Any CPU
	EndGlobalSection
	GlobalSection(SolutionProperties) = preSolution
		HideSolutionNode = FALSE
	EndGlobalSection
	GlobalSection(NestedProjects) = preSolution
		{99A3087A-DCE3-4F65-BA47-5E52B5DFED6A} = {A5065593-A2C0-4970-A3C6-0EC3C6464EA9}
		{09D92C29-0D37-42D4-A2F3-F0CCCFA55FC3} = {DEEF50A3-E5A2-4A19-94CB-23640FCBB2D8}
		{996D7E4B-0047-43A2-BE58-DC0C7E6622D1} = {A5065593-A2C0-4970-A3C6-0EC3C6464EA9}
		{F73141AC-1392-4956-954A-CC23BECAE804} = {85DADA78-42BE-4A8F-A644-261B19F53DF7}
		{85DADA78-42BE-4A8F-A644-261B19F53DF7} = {996D7E4B-0047-43A2-BE58-DC0C7E6622D1}
		{EAFD2B32-ED81-4DD8-B711-32B05A6557E9} = {996D7E4B-0047-43A2-BE58-DC0C7E6622D1}
		{AC5D71FE-DA1C-490F-AC13-CE82B25FC1B7} = {EAFD2B32-ED81-4DD8-B711-32B05A6557E9}
	EndGlobalSection
	GlobalSection(ExtensibilityGlobals) = postSolution
		SolutionGuid = {E59B7756-7651-4176-ABF1-8E66BF843C28}
	EndGlobalSection
EndGlobal
